// !$*UTF8*$!
{
	archiveVersion = 1;
	classes = {
	};
	objectVersion = 56;
	objects = {

/* Begin PBXBuildFile section */
		FE11003E2CCE764800C833C1 /* TimeSelectionPresenter.swift in Sources */ = {isa = PBXBuildFile; fileRef = FE11003D2CCE763C00C833C1 /* TimeSelectionPresenter.swift */; };
		FE1100412CDBAFA200C833C1 /* UserDefaultManager.swift in Sources */ = {isa = PBXBuildFile; fileRef = FE1100402CDBAF9200C833C1 /* UserDefaultManager.swift */; };
		FE11013F2CE9729600C833C1 /* CustomAlert.swift in Sources */ = {isa = PBXBuildFile; fileRef = FE11013E2CE9729600C833C1 /* CustomAlert.swift */; };
		FE1101442CEAABF100C833C1 /* FloatingBottomSheet.swift in Sources */ = {isa = PBXBuildFile; fileRef = FE1101432CEAABF100C833C1 /* FloatingBottomSheet.swift */; };
		FE1101462CEAB4D600C833C1 /* FloatingBottomSheetView.swift in Sources */ = {isa = PBXBuildFile; fileRef = FE1101452CEAB4D600C833C1 /* FloatingBottomSheetView.swift */; };
		FE4176C82C9DA72500D671ED /* Color+Extension.swift in Sources */ = {isa = PBXBuildFile; fileRef = FE4176C72C9DA72500D671ED /* Color+Extension.swift */; };
		FE4BF32C29BF54D00069FDD3 /* MainContentView.swift in Sources */ = {isa = PBXBuildFile; fileRef = FE4BF32B29BF54D00069FDD3 /* MainContentView.swift */; };
		FE4D27AE2D16AFAB00962E92 /* TestView.swift in Sources */ = {isa = PBXBuildFile; fileRef = FE4D27AD2D16AFAB00962E92 /* TestView.swift */; };
		FE4D27B12D1B832D00962E92 /* TabBar.swift in Sources */ = {isa = PBXBuildFile; fileRef = FE4D27B02D1B832D00962E92 /* TabBar.swift */; };
		FE4D27B42D1C3D6000962E92 /* History.swift in Sources */ = {isa = PBXBuildFile; fileRef = FE4D27B32D1C3D6000962E92 /* History.swift */; };
		FE54F1AB2C2082D30029DCDD /* Warning-Siren04-02(Low-Long).mp3 in Resources */ = {isa = PBXBuildFile; fileRef = FE54F1AA2C2082D30029DCDD /* Warning-Siren04-02(Low-Long).mp3 */; };
		FE54F1AE2C32EBCA0029DCDD /* TimerManager.swift in Sources */ = {isa = PBXBuildFile; fileRef = FE54F1AD2C32EBCA0029DCDD /* TimerManager.swift */; };
		FE5825D82C4D48CF007AB552 /* TimerPresenter.swift in Sources */ = {isa = PBXBuildFile; fileRef = FE5825D72C4D48CF007AB552 /* TimerPresenter.swift */; };
		FE5825DA2C4D4AFC007AB552 /* TimerInteractor.swift in Sources */ = {isa = PBXBuildFile; fileRef = FE5825D92C4D4AFC007AB552 /* TimerInteractor.swift */; };
		FE5825DC2C4D4EED007AB552 /* TimerRouter.swift in Sources */ = {isa = PBXBuildFile; fileRef = FE5825DB2C4D4EED007AB552 /* TimerRouter.swift */; };
		FE6362D92C5B01EC009AB470 /* MotionManagerService.swift in Sources */ = {isa = PBXBuildFile; fileRef = FE6362D82C5B01EC009AB470 /* MotionManagerService.swift */; };
		FE8A06BD2D0FA10100F9F206 /* GradientBackgroundUtil.swift in Sources */ = {isa = PBXBuildFile; fileRef = FE8A06BC2D0FA10100F9F206 /* GradientBackgroundUtil.swift */; };
		FE8EAA322A0000BC0040FB07 /* Int+Extension.swift in Sources */ = {isa = PBXBuildFile; fileRef = FE8EAA312A0000BC0040FB07 /* Int+Extension.swift */; };
		FE8EAA352A00C9910040FB07 /* AppDelegate.swift in Sources */ = {isa = PBXBuildFile; fileRef = FE8EAA342A00C9910040FB07 /* AppDelegate.swift */; };
		FEB14FFC2C6B9F020011F32A /* MotionServiceWithInitialAttitude.swift in Sources */ = {isa = PBXBuildFile; fileRef = FEB14FFB2C6B9F020011F32A /* MotionServiceWithInitialAttitude.swift */; };
		FEB840562998B6F900B945BA /* NowFocusApp.swift in Sources */ = {isa = PBXBuildFile; fileRef = FEB840552998B6F900B945BA /* NowFocusApp.swift */; };
		FEB8405A2998B6FA00B945BA /* Assets.xcassets in Resources */ = {isa = PBXBuildFile; fileRef = FEB840592998B6FA00B945BA /* Assets.xcassets */; };
		FEB8405D2998B6FA00B945BA /* Preview Assets.xcassets in Resources */ = {isa = PBXBuildFile; fileRef = FEB8405C2998B6FA00B945BA /* Preview Assets.xcassets */; };
		FEB840682998C24500B945BA /* TimeSelectionView.swift in Sources */ = {isa = PBXBuildFile; fileRef = FEB840672998C24500B945BA /* TimeSelectionView.swift */; };
		FEF885322C74BE63005A9198 /* TimerProgressRing.swift in Sources */ = {isa = PBXBuildFile; fileRef = FEF885312C74BE63005A9198 /* TimerProgressRing.swift */; };
		FEFB29D329B7691E007D8FDA /* TimerPage.swift in Sources */ = {isa = PBXBuildFile; fileRef = FEFB29D229B7691E007D8FDA /* TimerPage.swift */; };
/* End PBXBuildFile section */

/* Begin PBXFileReference section */
		FE11003D2CCE763C00C833C1 /* TimeSelectionPresenter.swift */ = {isa = PBXFileReference; lastKnownFileType = sourcecode.swift; path = TimeSelectionPresenter.swift; sourceTree = "<group>"; };
		FE1100402CDBAF9200C833C1 /* UserDefaultManager.swift */ = {isa = PBXFileReference; lastKnownFileType = sourcecode.swift; path = UserDefaultManager.swift; sourceTree = "<group>"; };
		FE11013E2CE9729600C833C1 /* CustomAlert.swift */ = {isa = PBXFileReference; lastKnownFileType = sourcecode.swift; path = CustomAlert.swift; sourceTree = "<group>"; };
		FE1101432CEAABF100C833C1 /* FloatingBottomSheet.swift */ = {isa = PBXFileReference; lastKnownFileType = sourcecode.swift; path = FloatingBottomSheet.swift; sourceTree = "<group>"; };
		FE1101452CEAB4D600C833C1 /* FloatingBottomSheetView.swift */ = {isa = PBXFileReference; lastKnownFileType = sourcecode.swift; path = FloatingBottomSheetView.swift; sourceTree = "<group>"; };
		FE4176C72C9DA72500D671ED /* Color+Extension.swift */ = {isa = PBXFileReference; lastKnownFileType = sourcecode.swift; path = "Color+Extension.swift"; sourceTree = "<group>"; };
		FE4BF32B29BF54D00069FDD3 /* MainContentView.swift */ = {isa = PBXFileReference; lastKnownFileType = sourcecode.swift; path = MainContentView.swift; sourceTree = "<group>"; };
		FE4D27AD2D16AFAB00962E92 /* TestView.swift */ = {isa = PBXFileReference; lastKnownFileType = sourcecode.swift; path = TestView.swift; sourceTree = "<group>"; };
		FE4D27B02D1B832D00962E92 /* TabBar.swift */ = {isa = PBXFileReference; lastKnownFileType = sourcecode.swift; path = TabBar.swift; sourceTree = "<group>"; };
		FE4D27B32D1C3D6000962E92 /* History.swift */ = {isa = PBXFileReference; lastKnownFileType = sourcecode.swift; path = History.swift; sourceTree = "<group>"; };
		FE54F1AA2C2082D30029DCDD /* Warning-Siren04-02(Low-Long).mp3 */ = {isa = PBXFileReference; lastKnownFileType = audio.mp3; path = "Warning-Siren04-02(Low-Long).mp3"; sourceTree = "<group>"; };
		FE54F1AD2C32EBCA0029DCDD /* TimerManager.swift */ = {isa = PBXFileReference; lastKnownFileType = sourcecode.swift; path = TimerManager.swift; sourceTree = "<group>"; };
		FE5825D72C4D48CF007AB552 /* TimerPresenter.swift */ = {isa = PBXFileReference; lastKnownFileType = sourcecode.swift; path = TimerPresenter.swift; sourceTree = "<group>"; };
		FE5825D92C4D4AFC007AB552 /* TimerInteractor.swift */ = {isa = PBXFileReference; lastKnownFileType = sourcecode.swift; path = TimerInteractor.swift; sourceTree = "<group>"; };
		FE5825DB2C4D4EED007AB552 /* TimerRouter.swift */ = {isa = PBXFileReference; lastKnownFileType = sourcecode.swift; path = TimerRouter.swift; sourceTree = "<group>"; };
		FE6362D82C5B01EC009AB470 /* MotionManagerService.swift */ = {isa = PBXFileReference; lastKnownFileType = sourcecode.swift; path = MotionManagerService.swift; sourceTree = "<group>"; };
		FE8A06BC2D0FA10100F9F206 /* GradientBackgroundUtil.swift */ = {isa = PBXFileReference; lastKnownFileType = sourcecode.swift; path = GradientBackgroundUtil.swift; sourceTree = "<group>"; };
		FE8EAA312A0000BC0040FB07 /* Int+Extension.swift */ = {isa = PBXFileReference; lastKnownFileType = sourcecode.swift; path = "Int+Extension.swift"; sourceTree = "<group>"; };
		FE8EAA332A00C2DC0040FB07 /* NowFocus.entitlements */ = {isa = PBXFileReference; lastKnownFileType = text.plist.entitlements; path = NowFocus.entitlements; sourceTree = "<group>"; };
		FE8EAA342A00C9910040FB07 /* AppDelegate.swift */ = {isa = PBXFileReference; lastKnownFileType = sourcecode.swift; path = AppDelegate.swift; sourceTree = "<group>"; };
		FE8EAA362A00CC3C0040FB07 /* Info.plist */ = {isa = PBXFileReference; lastKnownFileType = text.plist; path = Info.plist; sourceTree = "<group>"; };
		FEB14FFB2C6B9F020011F32A /* MotionServiceWithInitialAttitude.swift */ = {isa = PBXFileReference; lastKnownFileType = sourcecode.swift; path = MotionServiceWithInitialAttitude.swift; sourceTree = "<group>"; };
		FEB840522998B6F900B945BA /* FaceDown Focus Timer.app */ = {isa = PBXFileReference; explicitFileType = wrapper.application; includeInIndex = 0; path = "FaceDown Focus Timer.app"; sourceTree = BUILT_PRODUCTS_DIR; };
		FEB840552998B6F900B945BA /* NowFocusApp.swift */ = {isa = PBXFileReference; lastKnownFileType = sourcecode.swift; path = NowFocusApp.swift; sourceTree = "<group>"; };
		FEB840592998B6FA00B945BA /* Assets.xcassets */ = {isa = PBXFileReference; lastKnownFileType = folder.assetcatalog; path = Assets.xcassets; sourceTree = "<group>"; };
		FEB8405C2998B6FA00B945BA /* Preview Assets.xcassets */ = {isa = PBXFileReference; lastKnownFileType = folder.assetcatalog; path = "Preview Assets.xcassets"; sourceTree = "<group>"; };
		FEB840672998C24500B945BA /* TimeSelectionView.swift */ = {isa = PBXFileReference; lastKnownFileType = sourcecode.swift; path = TimeSelectionView.swift; sourceTree = "<group>"; };
		FEF885312C74BE63005A9198 /* TimerProgressRing.swift */ = {isa = PBXFileReference; lastKnownFileType = sourcecode.swift; path = TimerProgressRing.swift; sourceTree = "<group>"; };
		FEFB29D229B7691E007D8FDA /* TimerPage.swift */ = {isa = PBXFileReference; lastKnownFileType = sourcecode.swift; path = TimerPage.swift; sourceTree = "<group>"; };
/* End PBXFileReference section */

/* Begin PBXFrameworksBuildPhase section */
		FEB8404F2998B6F900B945BA /* Frameworks */ = {
			isa = PBXFrameworksBuildPhase;
			buildActionMask = 2147483647;
			files = (
			);
			runOnlyForDeploymentPostprocessing = 0;
		};
/* End PBXFrameworksBuildPhase section */

/* Begin PBXGroup section */
		FE11003F2CDBAF8700C833C1 /* Utilities */ = {
			isa = PBXGroup;
			children = (
				FE1100402CDBAF9200C833C1 /* UserDefaultManager.swift */,
				FE8A06BC2D0FA10100F9F206 /* GradientBackgroundUtil.swift */,
			);
			path = Utilities;
			sourceTree = "<group>";
		};
		FE11013D2CE9728B00C833C1 /* Alert */ = {
			isa = PBXGroup;
			children = (
				FE11013E2CE9729600C833C1 /* CustomAlert.swift */,
			);
			path = Alert;
			sourceTree = "<group>";
		};
		FE1101422CEAABE000C833C1 /* FloatingBottomSheet */ = {
			isa = PBXGroup;
			children = (
				FE1101432CEAABF100C833C1 /* FloatingBottomSheet.swift */,
				FE1101452CEAB4D600C833C1 /* FloatingBottomSheetView.swift */,
			);
			path = FloatingBottomSheet;
			sourceTree = "<group>";
		};
		FE4D27AC2D16AF9200962E92 /* Problem */ = {
			isa = PBXGroup;
			children = (
				FE4D27AD2D16AFAB00962E92 /* TestView.swift */,
			);
			path = Problem;
			sourceTree = "<group>";
		};
		FE4D27AF2D1B832100962E92 /* TabBar */ = {
			isa = PBXGroup;
			children = (
				FE4D27B02D1B832D00962E92 /* TabBar.swift */,
			);
			path = TabBar;
			sourceTree = "<group>";
		};
		FE4D27B22D1C3D4C00962E92 /* History */ = {
			isa = PBXGroup;
			children = (
				FE4D27B32D1C3D6000962E92 /* History.swift */,
			);
			path = History;
			sourceTree = "<group>";
		};
		FE54F1A82C1B26290029DCDD /* TimeSelectionView */ = {
			isa = PBXGroup;
			children = (
				FEDF19A92C60FEAB0091E033 /* Interactor */,
				FEDF19A82C60FEA30091E033 /* Entity */,
				FEDF19A62C60FE960091E033 /* Presenter */,
				FEDF19A52C60FE8C0091E033 /* View */,
				FEB840672998C24500B945BA /* TimeSelectionView.swift */,
			);
			path = TimeSelectionView;
			sourceTree = "<group>";
		};
		FE54F1A92C2082AF0029DCDD /* Resources */ = {
			isa = PBXGroup;
			children = (
				FE54F1AA2C2082D30029DCDD /* Warning-Siren04-02(Low-Long).mp3 */,
			);
			path = Resources;
			sourceTree = "<group>";
		};
		FE54F1AC2C32EBB30029DCDD /* TimerManager */ = {
			isa = PBXGroup;
			children = (
				FE54F1AD2C32EBCA0029DCDD /* TimerManager.swift */,
			);
			path = TimerManager;
			sourceTree = "<group>";
		};
		FE5825D02C4D4843007AB552 /* Modules */ = {
			isa = PBXGroup;
			children = (
				FE4D27B22D1C3D4C00962E92 /* History */,
				FE4D27AF2D1B832100962E92 /* TabBar */,
				FE1101422CEAABE000C833C1 /* FloatingBottomSheet */,
				FE11013D2CE9728B00C833C1 /* Alert */,
				FE54F1A82C1B26290029DCDD /* TimeSelectionView */,
				FE5825D12C4D4853007AB552 /* TimerPage */,
			);
			path = Modules;
			sourceTree = "<group>";
		};
		FE5825D12C4D4853007AB552 /* TimerPage */ = {
			isa = PBXGroup;
			children = (
				FE5825D62C4D48A6007AB552 /* Entity */,
				FE5825D52C4D489D007AB552 /* Router */,
				FE5825D42C4D4895007AB552 /* Presenter */,
				FE5825D32C4D488F007AB552 /* Interactor */,
				FE5825D22C4D4886007AB552 /* View */,
			);
			path = TimerPage;
			sourceTree = "<group>";
		};
		FE5825D22C4D4886007AB552 /* View */ = {
			isa = PBXGroup;
			children = (
				FEFB29D229B7691E007D8FDA /* TimerPage.swift */,
				FEF885312C74BE63005A9198 /* TimerProgressRing.swift */,
			);
			path = View;
			sourceTree = "<group>";
		};
		FE5825D32C4D488F007AB552 /* Interactor */ = {
			isa = PBXGroup;
			children = (
				FE5825D92C4D4AFC007AB552 /* TimerInteractor.swift */,
			);
			path = Interactor;
			sourceTree = "<group>";
		};
		FE5825D42C4D4895007AB552 /* Presenter */ = {
			isa = PBXGroup;
			children = (
				FE5825D72C4D48CF007AB552 /* TimerPresenter.swift */,
			);
			path = Presenter;
			sourceTree = "<group>";
		};
		FE5825D52C4D489D007AB552 /* Router */ = {
			isa = PBXGroup;
			children = (
				FE5825DB2C4D4EED007AB552 /* TimerRouter.swift */,
			);
			path = Router;
			sourceTree = "<group>";
		};
		FE5825D62C4D48A6007AB552 /* Entity */ = {
			isa = PBXGroup;
			children = (
			);
			path = Entity;
			sourceTree = "<group>";
		};
		FE8EAA302A0000AD0040FB07 /* Extension */ = {
			isa = PBXGroup;
			children = (
				FE8EAA312A0000BC0040FB07 /* Int+Extension.swift */,
				FE4176C72C9DA72500D671ED /* Color+Extension.swift */,
			);
			path = Extension;
			sourceTree = "<group>";
		};
		FEB840492998B6F800B945BA = {
			isa = PBXGroup;
			children = (
				FEB840542998B6F900B945BA /* NowFocus */,
				FEB840532998B6F900B945BA /* Products */,
			);
			sourceTree = "<group>";
		};
		FEB840532998B6F900B945BA /* Products */ = {
			isa = PBXGroup;
			children = (
				FEB840522998B6F900B945BA /* FaceDown Focus Timer.app */,
			);
			name = Products;
			sourceTree = "<group>";
		};
		FEB840542998B6F900B945BA /* NowFocus */ = {
			isa = PBXGroup;
			children = (
				FE4D27AC2D16AF9200962E92 /* Problem */,
				FE11003F2CDBAF8700C833C1 /* Utilities */,
				FE5825D02C4D4843007AB552 /* Modules */,
				FE54F1AC2C32EBB30029DCDD /* TimerManager */,
				FE54F1A92C2082AF0029DCDD /* Resources */,
				FE8EAA362A00CC3C0040FB07 /* Info.plist */,
				FE8EAA332A00C2DC0040FB07 /* NowFocus.entitlements */,
				FE8EAA302A0000AD0040FB07 /* Extension */,
				FEB840552998B6F900B945BA /* NowFocusApp.swift */,
				FEB840592998B6FA00B945BA /* Assets.xcassets */,
				FEB8405B2998B6FA00B945BA /* Preview Content */,
				FE4BF32B29BF54D00069FDD3 /* MainContentView.swift */,
				FE8EAA342A00C9910040FB07 /* AppDelegate.swift */,
				FE6362D82C5B01EC009AB470 /* MotionManagerService.swift */,
				FEB14FFB2C6B9F020011F32A /* MotionServiceWithInitialAttitude.swift */,
			);
			path = NowFocus;
			sourceTree = "<group>";
		};
		FEB8405B2998B6FA00B945BA /* Preview Content */ = {
			isa = PBXGroup;
			children = (
				FEB8405C2998B6FA00B945BA /* Preview Assets.xcassets */,
			);
			path = "Preview Content";
			sourceTree = "<group>";
		};
		FEDF19A52C60FE8C0091E033 /* View */ = {
			isa = PBXGroup;
			children = (
			);
			path = View;
			sourceTree = "<group>";
		};
		FEDF19A62C60FE960091E033 /* Presenter */ = {
			isa = PBXGroup;
			children = (
				FE11003D2CCE763C00C833C1 /* TimeSelectionPresenter.swift */,
			);
			path = Presenter;
			sourceTree = "<group>";
		};
		FEDF19A82C60FEA30091E033 /* Entity */ = {
			isa = PBXGroup;
			children = (
			);
			path = Entity;
			sourceTree = "<group>";
		};
		FEDF19A92C60FEAB0091E033 /* Interactor */ = {
			isa = PBXGroup;
			children = (
			);
			path = Interactor;
			sourceTree = "<group>";
		};
/* End PBXGroup section */

/* Begin PBXNativeTarget section */
		FEB840512998B6F900B945BA /* FaceDown Focus Timer */ = {
			isa = PBXNativeTarget;
			buildConfigurationList = FEB840602998B6FA00B945BA /* Build configuration list for PBXNativeTarget "FaceDown Focus Timer" */;
			buildPhases = (
				FEB8404E2998B6F900B945BA /* Sources */,
				FEB8404F2998B6F900B945BA /* Frameworks */,
				FEB840502998B6F900B945BA /* Resources */,
			);
			buildRules = (
			);
			dependencies = (
			);
			name = "FaceDown Focus Timer";
			productName = NowFocus;
			productReference = FEB840522998B6F900B945BA /* FaceDown Focus Timer.app */;
			productType = "com.apple.product-type.application";
		};
/* End PBXNativeTarget section */

/* Begin PBXProject section */
		FEB8404A2998B6F800B945BA /* Project object */ = {
			isa = PBXProject;
			attributes = {
				BuildIndependentTargetsInParallel = 1;
				LastSwiftUpdateCheck = 1420;
				LastUpgradeCheck = 1500;
				TargetAttributes = {
					FEB840512998B6F900B945BA = {
						CreatedOnToolsVersion = 14.2;
					};
				};
			};
			buildConfigurationList = FEB8404D2998B6F800B945BA /* Build configuration list for PBXProject "FaceDown Focus Timer" */;
			compatibilityVersion = "Xcode 14.0";
			developmentRegion = en;
			hasScannedForEncodings = 0;
			knownRegions = (
				en,
				Base,
			);
			mainGroup = FEB840492998B6F800B945BA;
			productRefGroup = FEB840532998B6F900B945BA /* Products */;
			projectDirPath = "";
			projectRoot = "";
			targets = (
				FEB840512998B6F900B945BA /* FaceDown Focus Timer */,
			);
		};
/* End PBXProject section */

/* Begin PBXResourcesBuildPhase section */
		FEB840502998B6F900B945BA /* Resources */ = {
			isa = PBXResourcesBuildPhase;
			buildActionMask = 2147483647;
			files = (
				FEB8405D2998B6FA00B945BA /* Preview Assets.xcassets in Resources */,
				FEB8405A2998B6FA00B945BA /* Assets.xcassets in Resources */,
				FE54F1AB2C2082D30029DCDD /* Warning-Siren04-02(Low-Long).mp3 in Resources */,
			);
			runOnlyForDeploymentPostprocessing = 0;
		};
/* End PBXResourcesBuildPhase section */

/* Begin PBXSourcesBuildPhase section */
		FEB8404E2998B6F900B945BA /* Sources */ = {
			isa = PBXSourcesBuildPhase;
			buildActionMask = 2147483647;
			files = (
				FE4D27AE2D16AFAB00962E92 /* TestView.swift in Sources */,
				FEB14FFC2C6B9F020011F32A /* MotionServiceWithInitialAttitude.swift in Sources */,
				FE4176C82C9DA72500D671ED /* Color+Extension.swift in Sources */,
				FE8EAA352A00C9910040FB07 /* AppDelegate.swift in Sources */,
				FE11013F2CE9729600C833C1 /* CustomAlert.swift in Sources */,
				FE54F1AE2C32EBCA0029DCDD /* TimerManager.swift in Sources */,
				FE11003E2CCE764800C833C1 /* TimeSelectionPresenter.swift in Sources */,
				FEFB29D329B7691E007D8FDA /* TimerPage.swift in Sources */,
				FEB840682998C24500B945BA /* TimeSelectionView.swift in Sources */,
				FE1101462CEAB4D600C833C1 /* FloatingBottomSheetView.swift in Sources */,
				FE5825D82C4D48CF007AB552 /* TimerPresenter.swift in Sources */,
				FE5825DA2C4D4AFC007AB552 /* TimerInteractor.swift in Sources */,
				FE6362D92C5B01EC009AB470 /* MotionManagerService.swift in Sources */,
				FE4D27B42D1C3D6000962E92 /* History.swift in Sources */,
				FEB840562998B6F900B945BA /* NowFocusApp.swift in Sources */,
				FE5825DC2C4D4EED007AB552 /* TimerRouter.swift in Sources */,
				FE8EAA322A0000BC0040FB07 /* Int+Extension.swift in Sources */,
				FEF885322C74BE63005A9198 /* TimerProgressRing.swift in Sources */,
				FE1100412CDBAFA200C833C1 /* UserDefaultManager.swift in Sources */,
				FE1101442CEAABF100C833C1 /* FloatingBottomSheet.swift in Sources */,
				FE4D27B12D1B832D00962E92 /* TabBar.swift in Sources */,
				FE4BF32C29BF54D00069FDD3 /* MainContentView.swift in Sources */,
				FE8A06BD2D0FA10100F9F206 /* GradientBackgroundUtil.swift in Sources */,
			);
			runOnlyForDeploymentPostprocessing = 0;
		};
/* End PBXSourcesBuildPhase section */

/* Begin XCBuildConfiguration section */
		FEB8405E2998B6FA00B945BA /* Debug */ = {
			isa = XCBuildConfiguration;
			buildSettings = {
				ALWAYS_SEARCH_USER_PATHS = NO;
				ASSETCATALOG_COMPILER_GENERATE_SWIFT_ASSET_SYMBOL_EXTENSIONS = YES;
				CLANG_ANALYZER_NONNULL = YES;
				CLANG_ANALYZER_NUMBER_OBJECT_CONVERSION = YES_AGGRESSIVE;
				CLANG_CXX_LANGUAGE_STANDARD = "gnu++20";
				CLANG_ENABLE_MODULES = YES;
				CLANG_ENABLE_OBJC_ARC = YES;
				CLANG_ENABLE_OBJC_WEAK = YES;
				CLANG_WARN_BLOCK_CAPTURE_AUTORELEASING = YES;
				CLANG_WARN_BOOL_CONVERSION = YES;
				CLANG_WARN_COMMA = YES;
				CLANG_WARN_CONSTANT_CONVERSION = YES;
				CLANG_WARN_DEPRECATED_OBJC_IMPLEMENTATIONS = YES;
				CLANG_WARN_DIRECT_OBJC_ISA_USAGE = YES_ERROR;
				CLANG_WARN_DOCUMENTATION_COMMENTS = YES;
				CLANG_WARN_EMPTY_BODY = YES;
				CLANG_WARN_ENUM_CONVERSION = YES;
				CLANG_WARN_INFINITE_RECURSION = YES;
				CLANG_WARN_INT_CONVERSION = YES;
				CLANG_WARN_NON_LITERAL_NULL_CONVERSION = YES;
				CLANG_WARN_OBJC_IMPLICIT_RETAIN_SELF = YES;
				CLANG_WARN_OBJC_LITERAL_CONVERSION = YES;
				CLANG_WARN_OBJC_ROOT_CLASS = YES_ERROR;
				CLANG_WARN_QUOTED_INCLUDE_IN_FRAMEWORK_HEADER = YES;
				CLANG_WARN_RANGE_LOOP_ANALYSIS = YES;
				CLANG_WARN_STRICT_PROTOTYPES = YES;
				CLANG_WARN_SUSPICIOUS_MOVE = YES;
				CLANG_WARN_UNGUARDED_AVAILABILITY = YES_AGGRESSIVE;
				CLANG_WARN_UNREACHABLE_CODE = YES;
				CLANG_WARN__DUPLICATE_METHOD_MATCH = YES;
				COPY_PHASE_STRIP = NO;
				DEBUG_INFORMATION_FORMAT = dwarf;
				ENABLE_STRICT_OBJC_MSGSEND = YES;
				ENABLE_TESTABILITY = YES;
				ENABLE_USER_SCRIPT_SANDBOXING = YES;
				GCC_C_LANGUAGE_STANDARD = gnu11;
				GCC_DYNAMIC_NO_PIC = NO;
				GCC_NO_COMMON_BLOCKS = YES;
				GCC_OPTIMIZATION_LEVEL = 0;
				GCC_PREPROCESSOR_DEFINITIONS = (
					"DEBUG=1",
					"$(inherited)",
				);
				GCC_WARN_64_TO_32_BIT_CONVERSION = YES;
				GCC_WARN_ABOUT_RETURN_TYPE = YES_ERROR;
				GCC_WARN_UNDECLARED_SELECTOR = YES;
				GCC_WARN_UNINITIALIZED_AUTOS = YES_AGGRESSIVE;
				GCC_WARN_UNUSED_FUNCTION = YES;
				GCC_WARN_UNUSED_VARIABLE = YES;
				IPHONEOS_DEPLOYMENT_TARGET = 16.2;
				MTL_ENABLE_DEBUG_INFO = INCLUDE_SOURCE;
				MTL_FAST_MATH = YES;
				ONLY_ACTIVE_ARCH = YES;
				SDKROOT = iphoneos;
				SWIFT_ACTIVE_COMPILATION_CONDITIONS = DEBUG;
				SWIFT_OPTIMIZATION_LEVEL = "-Onone";
			};
			name = Debug;
		};
		FEB8405F2998B6FA00B945BA /* Release */ = {
			isa = XCBuildConfiguration;
			buildSettings = {
				ALWAYS_SEARCH_USER_PATHS = NO;
				ASSETCATALOG_COMPILER_GENERATE_SWIFT_ASSET_SYMBOL_EXTENSIONS = YES;
				CLANG_ANALYZER_NONNULL = YES;
				CLANG_ANALYZER_NUMBER_OBJECT_CONVERSION = YES_AGGRESSIVE;
				CLANG_CXX_LANGUAGE_STANDARD = "gnu++20";
				CLANG_ENABLE_MODULES = YES;
				CLANG_ENABLE_OBJC_ARC = YES;
				CLANG_ENABLE_OBJC_WEAK = YES;
				CLANG_WARN_BLOCK_CAPTURE_AUTORELEASING = YES;
				CLANG_WARN_BOOL_CONVERSION = YES;
				CLANG_WARN_COMMA = YES;
				CLANG_WARN_CONSTANT_CONVERSION = YES;
				CLANG_WARN_DEPRECATED_OBJC_IMPLEMENTATIONS = YES;
				CLANG_WARN_DIRECT_OBJC_ISA_USAGE = YES_ERROR;
				CLANG_WARN_DOCUMENTATION_COMMENTS = YES;
				CLANG_WARN_EMPTY_BODY = YES;
				CLANG_WARN_ENUM_CONVERSION = YES;
				CLANG_WARN_INFINITE_RECURSION = YES;
				CLANG_WARN_INT_CONVERSION = YES;
				CLANG_WARN_NON_LITERAL_NULL_CONVERSION = YES;
				CLANG_WARN_OBJC_IMPLICIT_RETAIN_SELF = YES;
				CLANG_WARN_OBJC_LITERAL_CONVERSION = YES;
				CLANG_WARN_OBJC_ROOT_CLASS = YES_ERROR;
				CLANG_WARN_QUOTED_INCLUDE_IN_FRAMEWORK_HEADER = YES;
				CLANG_WARN_RANGE_LOOP_ANALYSIS = YES;
				CLANG_WARN_STRICT_PROTOTYPES = YES;
				CLANG_WARN_SUSPICIOUS_MOVE = YES;
				CLANG_WARN_UNGUARDED_AVAILABILITY = YES_AGGRESSIVE;
				CLANG_WARN_UNREACHABLE_CODE = YES;
				CLANG_WARN__DUPLICATE_METHOD_MATCH = YES;
				COPY_PHASE_STRIP = NO;
				DEBUG_INFORMATION_FORMAT = "dwarf-with-dsym";
				ENABLE_NS_ASSERTIONS = NO;
				ENABLE_STRICT_OBJC_MSGSEND = YES;
				ENABLE_USER_SCRIPT_SANDBOXING = YES;
				GCC_C_LANGUAGE_STANDARD = gnu11;
				GCC_NO_COMMON_BLOCKS = YES;
				GCC_WARN_64_TO_32_BIT_CONVERSION = YES;
				GCC_WARN_ABOUT_RETURN_TYPE = YES_ERROR;
				GCC_WARN_UNDECLARED_SELECTOR = YES;
				GCC_WARN_UNINITIALIZED_AUTOS = YES_AGGRESSIVE;
				GCC_WARN_UNUSED_FUNCTION = YES;
				GCC_WARN_UNUSED_VARIABLE = YES;
				IPHONEOS_DEPLOYMENT_TARGET = 16.2;
				MTL_ENABLE_DEBUG_INFO = NO;
				MTL_FAST_MATH = YES;
				SDKROOT = iphoneos;
				SWIFT_COMPILATION_MODE = wholemodule;
				SWIFT_OPTIMIZATION_LEVEL = "-O";
				VALIDATE_PRODUCT = YES;
			};
			name = Release;
		};
		FEB840612998B6FA00B945BA /* Debug */ = {
			isa = XCBuildConfiguration;
			buildSettings = {
				ASSETCATALOG_COMPILER_APPICON_NAME = AppIcon;
				ASSETCATALOG_COMPILER_GLOBAL_ACCENT_COLOR_NAME = AccentColor;
				CODE_SIGN_ENTITLEMENTS = NowFocus/NowFocus.entitlements;
				CODE_SIGN_IDENTITY = "Apple Development";
				CODE_SIGN_STYLE = Automatic;
				CURRENT_PROJECT_VERSION = 1;
				DEVELOPMENT_ASSET_PATHS = "\"NowFocus/Preview Content\"";
				DEVELOPMENT_TEAM = Y88N7C5HY9;
				ENABLE_PREVIEWS = YES;
				GENERATE_INFOPLIST_FILE = YES;
				INFOPLIST_FILE = NowFocus/Info.plist;
				INFOPLIST_KEY_CFBundleDisplayName = "FaceDown Focus Timer";
				INFOPLIST_KEY_LSApplicationCategoryType = "public.app-category.education";
				INFOPLIST_KEY_UIApplicationSceneManifest_Generation = YES;
				INFOPLIST_KEY_UIApplicationSupportsIndirectInputEvents = YES;
				INFOPLIST_KEY_UILaunchScreen_Generation = YES;
				INFOPLIST_KEY_UISupportedInterfaceOrientations_iPad = "UIInterfaceOrientationPortrait UIInterfaceOrientationPortraitUpsideDown UIInterfaceOrientationLandscapeLeft UIInterfaceOrientationLandscapeRight";
				INFOPLIST_KEY_UISupportedInterfaceOrientations_iPhone = "UIInterfaceOrientationPortrait UIInterfaceOrientationLandscapeLeft UIInterfaceOrientationLandscapeRight";
				IPHONEOS_DEPLOYMENT_TARGET = 17.6;
				LD_RUNPATH_SEARCH_PATHS = (
					"$(inherited)",
					"@executable_path/Frameworks",
				);
				MARKETING_VERSION = 1.2.1;
				PRODUCT_BUNDLE_IDENTIFIER = com.tomoapp.face.down.timer;
				PRODUCT_NAME = "$(TARGET_NAME)";
				PROVISIONING_PROFILE_SPECIFIER = "";
				SWIFT_EMIT_LOC_STRINGS = YES;
				SWIFT_VERSION = 5.0;
				TARGETED_DEVICE_FAMILY = "1,2";
			};
			name = Debug;
		};
		FEB840622998B6FA00B945BA /* Release */ = {
			isa = XCBuildConfiguration;
			buildSettings = {
				ASSETCATALOG_COMPILER_APPICON_NAME = AppIcon;
				ASSETCATALOG_COMPILER_GLOBAL_ACCENT_COLOR_NAME = AccentColor;
				CODE_SIGN_ENTITLEMENTS = NowFocus/NowFocus.entitlements;
				CODE_SIGN_IDENTITY = "Apple Development";
				CODE_SIGN_STYLE = Automatic;
				CURRENT_PROJECT_VERSION = 1;
				DEVELOPMENT_ASSET_PATHS = "\"NowFocus/Preview Content\"";
				DEVELOPMENT_TEAM = Y88N7C5HY9;
				ENABLE_PREVIEWS = YES;
				GENERATE_INFOPLIST_FILE = YES;
				INFOPLIST_FILE = NowFocus/Info.plist;
				INFOPLIST_KEY_CFBundleDisplayName = "FaceDown Focus Timer";
				INFOPLIST_KEY_LSApplicationCategoryType = "public.app-category.education";
				INFOPLIST_KEY_UIApplicationSceneManifest_Generation = YES;
				INFOPLIST_KEY_UIApplicationSupportsIndirectInputEvents = YES;
				INFOPLIST_KEY_UILaunchScreen_Generation = YES;
				INFOPLIST_KEY_UISupportedInterfaceOrientations_iPad = "UIInterfaceOrientationPortrait UIInterfaceOrientationPortraitUpsideDown UIInterfaceOrientationLandscapeLeft UIInterfaceOrientationLandscapeRight";
				INFOPLIST_KEY_UISupportedInterfaceOrientations_iPhone = "UIInterfaceOrientationPortrait UIInterfaceOrientationLandscapeLeft UIInterfaceOrientationLandscapeRight";
				IPHONEOS_DEPLOYMENT_TARGET = 17.6;
				LD_RUNPATH_SEARCH_PATHS = (
					"$(inherited)",
					"@executable_path/Frameworks",
				);
				MARKETING_VERSION = 1.2.1;
				PRODUCT_BUNDLE_IDENTIFIER = com.tomoapp.face.down.timer;
				PRODUCT_NAME = "$(TARGET_NAME)";
				PROVISIONING_PROFILE_SPECIFIER = "";
				SWIFT_EMIT_LOC_STRINGS = YES;
				SWIFT_VERSION = 5.0;
				TARGETED_DEVICE_FAMILY = "1,2";
			};
			name = Release;
		};
/* End XCBuildConfiguration section */

/* Begin XCConfigurationList section */
		FEB8404D2998B6F800B945BA /* Build configuration list for PBXProject "FaceDown Focus Timer" */ = {
			isa = XCConfigurationList;
			buildConfigurations = (
				FEB8405E2998B6FA00B945BA /* Debug */,
				FEB8405F2998B6FA00B945BA /* Release */,
			);
			defaultConfigurationIsVisible = 0;
			defaultConfigurationName = Release;
		};
		FEB840602998B6FA00B945BA /* Build configuration list for PBXNativeTarget "FaceDown Focus Timer" */ = {
			isa = XCConfigurationList;
			buildConfigurations = (
				FEB840612998B6FA00B945BA /* Debug */,
				FEB840622998B6FA00B945BA /* Release */,
			);
			defaultConfigurationIsVisible = 0;
			defaultConfigurationName = Release;
		};
/* End XCConfigurationList section */
	};
	rootObject = FEB8404A2998B6F800B945BA /* Project object */;
}
